version = 1
revision = 2
requires-python = ">=3.13"

[[package]]
name = "annotated-types"
version = "0.7.0"
source = { registry = "https://pypi.org/simple" }
sdist = { url = "https://files.pythonhosted.org/packages/ee/67/531ea369ba64dcff5ec9c3402f9f51bf748cec26dde048a2f973a4eea7f5/annotated_types-0.7.0.tar.gz", hash = "sha256:aff07c09a53a08bc8cfccb9c85b05f1aa9a2a6f23728d790723543408344ce89", size = 16081, upload-time = "2024-05-20T21:33:25.928Z" }
wheels = [
    { url = "https://files.pythonhosted.org/packages/78/b6/6307fbef88d9b5ee7421e68d78a9f162e0da4900bc5f5793f6d3d0e34fb8/annotated_types-0.7.0-py3-none-any.whl", hash = "sha256:1f02e8b43a8fbbc3f3e0d4f0f4bfc8131bcb4eebe8849b8e5c773f3a1c582a53", size = 13643, upload-time = "2024-05-20T21:33:24.1Z" },
]

[[package]]
name = "asgiref"
version = "3.8.1"
source = { registry = "https://pypi.org/simple" }
sdist = { url = "https://files.pythonhosted.org/packages/29/38/b3395cc9ad1b56d2ddac9970bc8f4141312dbaec28bc7c218b0dfafd0f42/asgiref-3.8.1.tar.gz", hash = "sha256:c343bd80a0bec947a9860adb4c432ffa7db769836c64238fc34bdc3fec84d590", size = 35186, upload-time = "2024-03-22T14:39:36.863Z" }
wheels = [
    { url = "https://files.pythonhosted.org/packages/39/e3/893e8757be2612e6c266d9bb58ad2e3651524b5b40cf56761e985a28b13e/asgiref-3.8.1-py3-none-any.whl", hash = "sha256:3e1e3ecc849832fe52ccf2cb6686b7a55f82bb1d6aee72a58826471390335e47", size = 23828, upload-time = "2024-03-22T14:39:34.521Z" },
]

[[package]]
name = "django"
version = "5.2.3"
source = { registry = "https://pypi.org/simple" }
dependencies = [
    { name = "asgiref" },
    { name = "sqlparse" },
    { name = "tzdata", marker = "sys_platform == 'win32'" },
]
sdist = { url = "https://files.pythonhosted.org/packages/c6/af/77b403926025dc6f7fd7b31256394d643469418965eb528eab45d0505358/django-5.2.3.tar.gz", hash = "sha256:335213277666ab2c5cac44a792a6d2f3d58eb79a80c14b6b160cd4afc3b75684", size = 10850303, upload-time = "2025-06-10T10:14:05.174Z" }
wheels = [
    { url = "https://files.pythonhosted.org/packages/1b/11/7aff961db37e1ea501a2bb663d27a8ce97f3683b9e5b83d3bfead8b86fa4/django-5.2.3-py3-none-any.whl", hash = "sha256:c517a6334e0fd940066aa9467b29401b93c37cec2e61365d663b80922542069d", size = 8301935, upload-time = "2025-06-10T10:13:58.993Z" },
]

[[package]]
name = "django-ninja"
version = "1.4.3"
source = { registry = "https://pypi.org/simple" }
dependencies = [
    { name = "django" },
    { name = "pydantic" },
]
sdist = { url = "https://files.pythonhosted.org/packages/cd/1a/f0d051f54375cfd2310f803925993fdc4172e41e627d63ece48194b07892/django_ninja-1.4.3.tar.gz", hash = "sha256:e46d477ca60c228d2a5eb3cc912094928ea830d364501f966661eeada67cb038", size = 3709571, upload-time = "2025-06-04T15:11:13.408Z" }
wheels = [
    { url = "https://files.pythonhosted.org/packages/08/ec/0cfa9b817f048cdec354354ae0569d7c0fd63907e5b1f927a7ee04a18635/django_ninja-1.4.3-py3-none-any.whl", hash = "sha256:f3204137a059437b95677049474220611f1cf9efedba9213556474b75168fa01", size = 2426185, upload-time = "2025-06-04T15:11:11.314Z" },
]

[[package]]
name = "django-stubs"
version = "5.2.1"
source = { registry = "https://pypi.org/simple" }
dependencies = [
    { name = "django" },
    { name = "django-stubs-ext" },
    { name = "types-pyyaml" },
    { name = "typing-extensions" },
]
sdist = { url = "https://files.pythonhosted.org/packages/30/3e/33f2e6a5dc116c8cfdd113e22d32d4c56e7ba08c8f9c683609b50047fa29/django_stubs-5.2.1.tar.gz", hash = "sha256:e58260958e58f7b6a8da6bba56d6b31d16c0414079a4aa6baa01c668bd08d39d", size = 242725, upload-time = "2025-06-17T18:07:36.561Z" }
wheels = [
    { url = "https://files.pythonhosted.org/packages/e2/10/c9020f6e5b293e4c24aa72cab7966bcd7f03b1196da9c5cf916da9873c48/django_stubs-5.2.1-py3-none-any.whl", hash = "sha256:c0e170d70329c27e737a5b80c5518fb6161d0c4792321d11a4a93dcda120f4ef", size = 484761, upload-time = "2025-06-17T18:07:34.554Z" },
]

[package.optional-dependencies]
compatible-mypy = [
    { name = "mypy" },
]

[[package]]
name = "django-stubs-ext"
version = "5.2.1"
source = { registry = "https://pypi.org/simple" }
dependencies = [
    { name = "django" },
    { name = "typing-extensions" },
]
sdist = { url = "https://files.pythonhosted.org/packages/f9/19/bf8cc0e6c48b4bf4fb72274cecc6b575a4789effecdd95d9ccc7ba9380bb/django_stubs_ext-5.2.1.tar.gz", hash = "sha256:fc0582cb3289306c43ce4a0a15af86922ce1dbec3c19eab80980ee70c04e0392", size = 6550, upload-time = "2025-06-17T18:06:59.133Z" }
wheels = [
    { url = "https://files.pythonhosted.org/packages/a4/82/9fab66569b3e682205b52c2b203058a816c0755bc54e2adcd5d3f6018c43/django_stubs_ext-5.2.1-py3-none-any.whl", hash = "sha256:98fb0646f1a1ef07708eec5f6f7d27523f12c0c8714abae8db981571ff957588", size = 9153, upload-time = "2025-06-17T18:06:57.986Z" },
]

[[package]]
name = "edithing-python"
version = "0.1.0"
source = { virtual = "." }
dependencies = [
    { name = "django-ninja" },
    { name = "django-stubs", extra = ["compatible-mypy"] },
    { name = "mypy" },
]

[package.metadata]
requires-dist = [
    { name = "django-ninja", specifier = ">=1.4.3" },
    { name = "django-stubs", extras = ["compatible-mypy"], specifier = ">=5.2.1" },
    { name = "mypy", specifier = ">=1.16.1" },
]

[[package]]
name = "mypy"
version = "1.16.1"
source = { registry = "https://pypi.org/simple" }
dependencies = [
    { name = "mypy-extensions" },
    { name = "pathspec" },
    { name = "typing-extensions" },
]
sdist = { url = "https://files.pythonhosted.org/packages/81/69/92c7fa98112e4d9eb075a239caa4ef4649ad7d441545ccffbd5e34607cbb/mypy-1.16.1.tar.gz", hash = "sha256:6bd00a0a2094841c5e47e7374bb42b83d64c527a502e3334e1173a0c24437bab", size = 3324747, upload-time = "2025-06-16T16:51:35.145Z" }
wheels = [
    { url = "https://files.pythonhosted.org/packages/28/e3/96964af4a75a949e67df4b95318fe2b7427ac8189bbc3ef28f92a1c5bc56/mypy-1.16.1-cp313-cp313-macosx_10_13_x86_64.whl", hash = "sha256:ddc91eb318c8751c69ddb200a5937f1232ee8efb4e64e9f4bc475a33719de438", size = 11063480, upload-time = "2025-06-16T16:47:56.205Z" },
    { url = "https://files.pythonhosted.org/packages/f5/4d/cd1a42b8e5be278fab7010fb289d9307a63e07153f0ae1510a3d7b703193/mypy-1.16.1-cp313-cp313-macosx_11_0_arm64.whl", hash = "sha256:87ff2c13d58bdc4bbe7dc0dedfe622c0f04e2cb2a492269f3b418df2de05c536", size = 10090538, upload-time = "2025-06-16T16:46:43.92Z" },
    { url = "https://files.pythonhosted.org/packages/c9/4f/c3c6b4b66374b5f68bab07c8cabd63a049ff69796b844bc759a0ca99bb2a/mypy-1.16.1-cp313-cp313-manylinux_2_17_aarch64.manylinux2014_aarch64.manylinux_2_28_aarch64.whl", hash = "sha256:0a7cfb0fe29fe5a9841b7c8ee6dffb52382c45acdf68f032145b75620acfbd6f", size = 11836839, upload-time = "2025-06-16T16:36:28.039Z" },
    { url = "https://files.pythonhosted.org/packages/b4/7e/81ca3b074021ad9775e5cb97ebe0089c0f13684b066a750b7dc208438403/mypy-1.16.1-cp313-cp313-manylinux_2_17_x86_64.manylinux2014_x86_64.manylinux_2_28_x86_64.whl", hash = "sha256:051e1677689c9d9578b9c7f4d206d763f9bbd95723cd1416fad50db49d52f359", size = 12715634, upload-time = "2025-06-16T16:50:34.441Z" },
    { url = "https://files.pythonhosted.org/packages/e9/95/bdd40c8be346fa4c70edb4081d727a54d0a05382d84966869738cfa8a497/mypy-1.16.1-cp313-cp313-musllinux_1_2_x86_64.whl", hash = "sha256:d5d2309511cc56c021b4b4e462907c2b12f669b2dbeb68300110ec27723971be", size = 12895584, upload-time = "2025-06-16T16:34:54.857Z" },
    { url = "https://files.pythonhosted.org/packages/5a/fd/d486a0827a1c597b3b48b1bdef47228a6e9ee8102ab8c28f944cb83b65dc/mypy-1.16.1-cp313-cp313-win_amd64.whl", hash = "sha256:4f58ac32771341e38a853c5d0ec0dfe27e18e27da9cdb8bbc882d2249c71a3ee", size = 9573886, upload-time = "2025-06-16T16:36:43.589Z" },
    { url = "https://files.pythonhosted.org/packages/cf/d3/53e684e78e07c1a2bf7105715e5edd09ce951fc3f47cf9ed095ec1b7a037/mypy-1.16.1-py3-none-any.whl", hash = "sha256:5fc2ac4027d0ef28d6ba69a0343737a23c4d1b83672bf38d1fe237bdc0643b37", size = 2265923, upload-time = "2025-06-16T16:48:02.366Z" },
]

[[package]]
name = "mypy-extensions"
version = "1.1.0"
source = { registry = "https://pypi.org/simple" }
sdist = { url = "https://files.pythonhosted.org/packages/a2/6e/371856a3fb9d31ca8dac321cda606860fa4548858c0cc45d9d1d4ca2628b/mypy_extensions-1.1.0.tar.gz", hash = "sha256:52e68efc3284861e772bbcd66823fde5ae21fd2fdb51c62a211403730b916558", size = 6343, upload-time = "2025-04-22T14:54:24.164Z" }
wheels = [
    { url = "https://files.pythonhosted.org/packages/79/7b/2c79738432f5c924bef5071f933bcc9efd0473bac3b4aa584a6f7c1c8df8/mypy_extensions-1.1.0-py3-none-any.whl", hash = "sha256:1be4cccdb0f2482337c4743e60421de3a356cd97508abadd57d47403e94f5505", size = 4963, upload-time = "2025-04-22T14:54:22.983Z" },
]

[[package]]
name = "pathspec"
version = "0.12.1"
source = { registry = "https://pypi.org/simple" }
sdist = { url = "https://files.pythonhosted.org/packages/ca/bc/f35b8446f4531a7cb215605d100cd88b7ac6f44ab3fc94870c120ab3adbf/pathspec-0.12.1.tar.gz", hash = "sha256:a482d51503a1ab33b1c67a6c3813a26953dbdc71c31dacaef9a838c4e29f5712", size = 51043, upload-time = "2023-12-10T22:30:45Z" }
wheels = [
    { url = "https://files.pythonhosted.org/packages/cc/20/ff623b09d963f88bfde16306a54e12ee5ea43e9b597108672ff3a408aad6/pathspec-0.12.1-py3-none-any.whl", hash = "sha256:a0d503e138a4c123b27490a4f7beda6a01c6f288df0e4a8b79c7eb0dc7b4cc08", size = 31191, upload-time = "2023-12-10T22:30:43.14Z" },
]

[[package]]
name = "pydantic"
version = "2.11.5"
source = { registry = "https://pypi.org/simple" }
dependencies = [
    { name = "annotated-types" },
    { name = "pydantic-core" },
    { name = "typing-extensions" },
    { name = "typing-inspection" },
]
sdist = { url = "https://files.pythonhosted.org/packages/f0/86/8ce9040065e8f924d642c58e4a344e33163a07f6b57f836d0d734e0ad3fb/pydantic-2.11.5.tar.gz", hash = "sha256:7f853db3d0ce78ce8bbb148c401c2cdd6431b3473c0cdff2755c7690952a7b7a", size = 787102, upload-time = "2025-05-22T21:18:08.761Z" }
wheels = [
    { url = "https://files.pythonhosted.org/packages/b5/69/831ed22b38ff9b4b64b66569f0e5b7b97cf3638346eb95a2147fdb49ad5f/pydantic-2.11.5-py3-none-any.whl", hash = "sha256:f9c26ba06f9747749ca1e5c94d6a85cb84254577553c8785576fd38fa64dc0f7", size = 444229, upload-time = "2025-05-22T21:18:06.329Z" },
]

[[package]]
name = "pydantic-core"
version = "2.33.2"
source = { registry = "https://pypi.org/simple" }
dependencies = [
    { name = "typing-extensions" },
]
sdist = { url = "https://files.pythonhosted.org/packages/ad/88/5f2260bdfae97aabf98f1778d43f69574390ad787afb646292a638c923d4/pydantic_core-2.33.2.tar.gz", hash = "sha256:7cb8bc3605c29176e1b105350d2e6474142d7c1bd1d9327c4a9bdb46bf827acc", size = 435195, upload-time = "2025-04-23T18:33:52.104Z" }
wheels = [
    { url = "https://files.pythonhosted.org/packages/46/8c/99040727b41f56616573a28771b1bfa08a3d3fe74d3d513f01251f79f172/pydantic_core-2.33.2-cp313-cp313-macosx_10_12_x86_64.whl", hash = "sha256:1082dd3e2d7109ad8b7da48e1d4710c8d06c253cbc4a27c1cff4fbcaa97a9e3f", size = 2015688, upload-time = "2025-04-23T18:31:53.175Z" },
    { url = "https://files.pythonhosted.org/packages/3a/cc/5999d1eb705a6cefc31f0b4a90e9f7fc400539b1a1030529700cc1b51838/pydantic_core-2.33.2-cp313-cp313-macosx_11_0_arm64.whl", hash = "sha256:f517ca031dfc037a9c07e748cefd8d96235088b83b4f4ba8939105d20fa1dcd6", size = 1844808, upload-time = "2025-04-23T18:31:54.79Z" },
    { url = "https://files.pythonhosted.org/packages/6f/5e/a0a7b8885c98889a18b6e376f344da1ef323d270b44edf8174d6bce4d622/pydantic_core-2.33.2-cp313-cp313-manylinux_2_17_aarch64.manylinux2014_aarch64.whl", hash = "sha256:0a9f2c9dd19656823cb8250b0724ee9c60a82f3cdf68a080979d13092a3b0fef", size = 1885580, upload-time = "2025-04-23T18:31:57.393Z" },
    { url = "https://files.pythonhosted.org/packages/3b/2a/953581f343c7d11a304581156618c3f592435523dd9d79865903272c256a/pydantic_core-2.33.2-cp313-cp313-manylinux_2_17_armv7l.manylinux2014_armv7l.whl", hash = "sha256:2b0a451c263b01acebe51895bfb0e1cc842a5c666efe06cdf13846c7418caa9a", size = 1973859, upload-time = "2025-04-23T18:31:59.065Z" },
    { url = "https://files.pythonhosted.org/packages/e6/55/f1a813904771c03a3f97f676c62cca0c0a4138654107c1b61f19c644868b/pydantic_core-2.33.2-cp313-cp313-manylinux_2_17_ppc64le.manylinux2014_ppc64le.whl", hash = "sha256:1ea40a64d23faa25e62a70ad163571c0b342b8bf66d5fa612ac0dec4f069d916", size = 2120810, upload-time = "2025-04-23T18:32:00.78Z" },
    { url = "https://files.pythonhosted.org/packages/aa/c3/053389835a996e18853ba107a63caae0b9deb4a276c6b472931ea9ae6e48/pydantic_core-2.33.2-cp313-cp313-manylinux_2_17_s390x.manylinux2014_s390x.whl", hash = "sha256:0fb2d542b4d66f9470e8065c5469ec676978d625a8b7a363f07d9a501a9cb36a", size = 2676498, upload-time = "2025-04-23T18:32:02.418Z" },
    { url = "https://files.pythonhosted.org/packages/eb/3c/f4abd740877a35abade05e437245b192f9d0ffb48bbbbd708df33d3cda37/pydantic_core-2.33.2-cp313-cp313-manylinux_2_17_x86_64.manylinux2014_x86_64.whl", hash = "sha256:9fdac5d6ffa1b5a83bca06ffe7583f5576555e6c8b3a91fbd25ea7780f825f7d", size = 2000611, upload-time = "2025-04-23T18:32:04.152Z" },
    { url = "https://files.pythonhosted.org/packages/59/a7/63ef2fed1837d1121a894d0ce88439fe3e3b3e48c7543b2a4479eb99c2bd/pydantic_core-2.33.2-cp313-cp313-manylinux_2_5_i686.manylinux1_i686.whl", hash = "sha256:04a1a413977ab517154eebb2d326da71638271477d6ad87a769102f7c2488c56", size = 2107924, upload-time = "2025-04-23T18:32:06.129Z" },
    { url = "https://files.pythonhosted.org/packages/04/8f/2551964ef045669801675f1cfc3b0d74147f4901c3ffa42be2ddb1f0efc4/pydantic_core-2.33.2-cp313-cp313-musllinux_1_1_aarch64.whl", hash = "sha256:c8e7af2f4e0194c22b5b37205bfb293d166a7344a5b0d0eaccebc376546d77d5", size = 2063196, upload-time = "2025-04-23T18:32:08.178Z" },
    { url = "https://files.pythonhosted.org/packages/26/bd/d9602777e77fc6dbb0c7db9ad356e9a985825547dce5ad1d30ee04903918/pydantic_core-2.33.2-cp313-cp313-musllinux_1_1_armv7l.whl", hash = "sha256:5c92edd15cd58b3c2d34873597a1e20f13094f59cf88068adb18947df5455b4e", size = 2236389, upload-time = "2025-04-23T18:32:10.242Z" },
    { url = "https://files.pythonhosted.org/packages/42/db/0e950daa7e2230423ab342ae918a794964b053bec24ba8af013fc7c94846/pydantic_core-2.33.2-cp313-cp313-musllinux_1_1_x86_64.whl", hash = "sha256:65132b7b4a1c0beded5e057324b7e16e10910c106d43675d9bd87d4f38dde162", size = 2239223, upload-time = "2025-04-23T18:32:12.382Z" },
    { url = "https://files.pythonhosted.org/packages/58/4d/4f937099c545a8a17eb52cb67fe0447fd9a373b348ccfa9a87f141eeb00f/pydantic_core-2.33.2-cp313-cp313-win32.whl", hash = "sha256:52fb90784e0a242bb96ec53f42196a17278855b0f31ac7c3cc6f5c1ec4811849", size = 1900473, upload-time = "2025-04-23T18:32:14.034Z" },
    { url = "https://files.pythonhosted.org/packages/a0/75/4a0a9bac998d78d889def5e4ef2b065acba8cae8c93696906c3a91f310ca/pydantic_core-2.33.2-cp313-cp313-win_amd64.whl", hash = "sha256:c083a3bdd5a93dfe480f1125926afcdbf2917ae714bdb80b36d34318b2bec5d9", size = 1955269, upload-time = "2025-04-23T18:32:15.783Z" },
    { url = "https://files.pythonhosted.org/packages/f9/86/1beda0576969592f1497b4ce8e7bc8cbdf614c352426271b1b10d5f0aa64/pydantic_core-2.33.2-cp313-cp313-win_arm64.whl", hash = "sha256:e80b087132752f6b3d714f041ccf74403799d3b23a72722ea2e6ba2e892555b9", size = 1893921, upload-time = "2025-04-23T18:32:18.473Z" },
    { url = "https://files.pythonhosted.org/packages/a4/7d/e09391c2eebeab681df2b74bfe6c43422fffede8dc74187b2b0bf6fd7571/pydantic_core-2.33.2-cp313-cp313t-macosx_11_0_arm64.whl", hash = "sha256:61c18fba8e5e9db3ab908620af374db0ac1baa69f0f32df4f61ae23f15e586ac", size = 1806162, upload-time = "2025-04-23T18:32:20.188Z" },
    { url = "https://files.pythonhosted.org/packages/f1/3d/847b6b1fed9f8ed3bb95a9ad04fbd0b212e832d4f0f50ff4d9ee5a9f15cf/pydantic_core-2.33.2-cp313-cp313t-manylinux_2_17_x86_64.manylinux2014_x86_64.whl", hash = "sha256:95237e53bb015f67b63c91af7518a62a8660376a6a0db19b89acc77a4d6199f5", size = 1981560, upload-time = "2025-04-23T18:32:22.354Z" },
    { url = "https://files.pythonhosted.org/packages/6f/9a/e73262f6c6656262b5fdd723ad90f518f579b7bc8622e43a942eec53c938/pydantic_core-2.33.2-cp313-cp313t-win_amd64.whl", hash = "sha256:c2fc0a768ef76c15ab9238afa6da7f69895bb5d1ee83aeea2e3509af4472d0b9", size = 1935777, upload-time = "2025-04-23T18:32:25.088Z" },
]

[[package]]
name = "sqlparse"
version = "0.5.3"
source = { registry = "https://pypi.org/simple" }
sdist = { url = "https://files.pythonhosted.org/packages/e5/40/edede8dd6977b0d3da179a342c198ed100dd2aba4be081861ee5911e4da4/sqlparse-0.5.3.tar.gz", hash = "sha256:09f67787f56a0b16ecdbde1bfc7f5d9c3371ca683cfeaa8e6ff60b4807ec9272", size = 84999, upload-time = "2024-12-10T12:05:30.728Z" }
wheels = [
    { url = "https://files.pythonhosted.org/packages/a9/5c/bfd6bd0bf979426d405cc6e71eceb8701b148b16c21d2dc3c261efc61c7b/sqlparse-0.5.3-py3-none-any.whl", hash = "sha256:cf2196ed3418f3ba5de6af7e82c694a9fbdbfecccdfc72e281548517081f16ca", size = 44415, upload-time = "2024-12-10T12:05:27.824Z" },
]

[[package]]
name = "types-pyyaml"
version = "6.0.12.20250516"
source = { registry = "https://pypi.org/simple" }
sdist = { url = "https://files.pythonhosted.org/packages/4e/22/59e2aeb48ceeee1f7cd4537db9568df80d62bdb44a7f9e743502ea8aab9c/types_pyyaml-6.0.12.20250516.tar.gz", hash = "sha256:9f21a70216fc0fa1b216a8176db5f9e0af6eb35d2f2932acb87689d03a5bf6ba", size = 17378, upload-time = "2025-05-16T03:08:04.897Z" }
wheels = [
    { url = "https://files.pythonhosted.org/packages/99/5f/e0af6f7f6a260d9af67e1db4f54d732abad514252a7a378a6c4d17dd1036/types_pyyaml-6.0.12.20250516-py3-none-any.whl", hash = "sha256:8478208feaeb53a34cb5d970c56a7cd76b72659442e733e268a94dc72b2d0530", size = 20312, upload-time = "2025-05-16T03:08:04.019Z" },
]

[[package]]
name = "typing-extensions"
version = "4.14.0"
source = { registry = "https://pypi.org/simple" }
sdist = { url = "https://files.pythonhosted.org/packages/d1/bc/51647cd02527e87d05cb083ccc402f93e441606ff1f01739a62c8ad09ba5/typing_extensions-4.14.0.tar.gz", hash = "sha256:8676b788e32f02ab42d9e7c61324048ae4c6d844a399eebace3d4979d75ceef4", size = 107423, upload-time = "2025-06-02T14:52:11.399Z" }
wheels = [
    { url = "https://files.pythonhosted.org/packages/69/e0/552843e0d356fbb5256d21449fa957fa4eff3bbc135a74a691ee70c7c5da/typing_extensions-4.14.0-py3-none-any.whl", hash = "sha256:a1514509136dd0b477638fc68d6a91497af5076466ad0fa6c338e44e359944af", size = 43839, upload-time = "2025-06-02T14:52:10.026Z" },
]

[[package]]
name = "typing-inspection"
version = "0.4.1"
source = { registry = "https://pypi.org/simple" }
dependencies = [
    { name = "typing-extensions" },
]
sdist = { url = "https://files.pythonhosted.org/packages/f8/b1/0c11f5058406b3af7609f121aaa6b609744687f1d158b3c3a5bf4cc94238/typing_inspection-0.4.1.tar.gz", hash = "sha256:6ae134cc0203c33377d43188d4064e9b357dba58cff3185f22924610e70a9d28", size = 75726, upload-time = "2025-05-21T18:55:23.885Z" }
wheels = [
    { url = "https://files.pythonhosted.org/packages/17/69/cd203477f944c353c31bade965f880aa1061fd6bf05ded0726ca845b6ff7/typing_inspection-0.4.1-py3-none-any.whl", hash = "sha256:389055682238f53b04f7badcb49b989835495a96700ced5dab2d8feae4b26f51", size = 14552, upload-time = "2025-05-21T18:55:22.152Z" },
]

[[package]]
name = "tzdata"
version = "2025.2"
source = { registry = "https://pypi.org/simple" }
sdist = { url = "https://files.pythonhosted.org/packages/95/32/1a225d6164441be760d75c2c42e2780dc0873fe382da3e98a2e1e48361e5/tzdata-2025.2.tar.gz", hash = "sha256:b60a638fcc0daffadf82fe0f57e53d06bdec2f36c4df66280ae79bce6bd6f2b9", size = 196380, upload-time = "2025-03-23T13:54:43.652Z" }
wheels = [
    { url = "https://files.pythonhosted.org/packages/5c/23/c7abc0ca0a1526a0774eca151daeb8de62ec457e77262b66b359c3c7679e/tzdata-2025.2-py2.py3-none-any.whl", hash = "sha256:1a403fada01ff9221ca8044d701868fa132215d84beb92242d9acd2147f667a8", size = 347839, upload-time = "2025-03-23T13:54:41.845Z" },
]
